
Microsoft Visual Studio Solution File, Format Version 12.00
# Visual Studio Version 16
VisualStudioVersion = 16.0.31911.196
MinimumVisualStudioVersion = 10.0.40219.1
Project("{FAE04EC0-301F-11D3-BF4B-00C04F79EFBC}") = "PaskaitaAstuoni", "PaskaitaAstuoni.csproj", "{58BEBCF6-8FC3-446F-B137-3E5BEA0DE24A}"
EndProject
Project("{FAE04EC0-301F-11D3-BF4B-00C04F79EFBC}") = "ClassLibraryOne", "..\ClassLibraryOne\ClassLibraryOne.csproj", "{F6AD58D7-1EBD-4EBC-8F8A-EDBFC37D0EC0}"
EndProject
Global
	GlobalSection(SolutionConfigurationPlatforms) = preSolution
		Debug|Any CPU = Debug|Any CPU
		Release|Any CPU = Release|Any CPU
	EndGlobalSection
	GlobalSection(ProjectConfigurationPlatforms) = postSolution
		{58BEBCF6-8FC3-446F-B137-3E5BEA0DE24A}.Debug|Any CPU.ActiveCfg = Debug|Any CPU
		{58BEBCF6-8FC3-446F-B137-3E5BEA0DE24A}.Debug|Any CPU.Build.0 = Debug|Any CPU
		{58BEBCF6-8FC3-446F-B137-3E5BEA0DE24A}.Release|Any CPU.ActiveCfg = Release|Any CPU
		{58BEBCF6-8FC3-446F-B137-3E5BEA0DE24A}.Release|Any CPU.Build.0 = Release|Any CPU
		{F6AD58D7-1EBD-4EBC-8F8A-EDBFC37D0EC0}.Debug|Any CPU.ActiveCfg = Debug|Any CPU
		{F6AD58D7-1EBD-4EBC-8F8A-EDBFC37D0EC0}.Debug|Any CPU.Build.0 = Debug|Any CPU
		{F6AD58D7-1EBD-4EBC-8F8A-EDBFC37D0EC0}.Release|Any CPU.ActiveCfg = Release|Any CPU
		{F6AD58D7-1EBD-4EBC-8F8A-EDBFC37D0EC0}.Release|Any CPU.Build.0 = Release|Any CPU
	EndGlobalSection
	GlobalSection(SolutionProperties) = preSolution
		HideSolutionNode = FALSE
	EndGlobalSection
	GlobalSection(ExtensibilityGlobals) = postSolution
		SolutionGuid = {A9B0E3D9-9D77-4F45-AE72-602E5510F7A9}
	EndGlobalSection
EndGlobal
