
Microsoft Visual Studio Solution File, Format Version 12.00
# Visual Studio Version 16
VisualStudioVersion = 16.0.31911.196
MinimumVisualStudioVersion = 10.0.40219.1
Project("{FAE04EC0-301F-11D3-BF4B-00C04F79EFBC}") = "PaskaitaDesimt", "PaskaitaDesimt.csproj", "{82F0CF00-2BE3-4300-9484-FA955422026E}"
EndProject
Project("{FAE04EC0-301F-11D3-BF4B-00C04F79EFBC}") = "TestProject", "..\TestProject\TestProject.csproj", "{A5ECD19D-C9B7-4B73-93EA-FB7569606F2E}"
EndProject
Global
	GlobalSection(SolutionConfigurationPlatforms) = preSolution
		Debug|Any CPU = Debug|Any CPU
		Release|Any CPU = Release|Any CPU
	EndGlobalSection
	GlobalSection(ProjectConfigurationPlatforms) = postSolution
		{82F0CF00-2BE3-4300-9484-FA955422026E}.Debug|Any CPU.ActiveCfg = Debug|Any CPU
		{82F0CF00-2BE3-4300-9484-FA955422026E}.Debug|Any CPU.Build.0 = Debug|Any CPU
		{82F0CF00-2BE3-4300-9484-FA955422026E}.Release|Any CPU.ActiveCfg = Release|Any CPU
		{82F0CF00-2BE3-4300-9484-FA955422026E}.Release|Any CPU.Build.0 = Release|Any CPU
		{A5ECD19D-C9B7-4B73-93EA-FB7569606F2E}.Debug|Any CPU.ActiveCfg = Debug|Any CPU
		{A5ECD19D-C9B7-4B73-93EA-FB7569606F2E}.Debug|Any CPU.Build.0 = Debug|Any CPU
		{A5ECD19D-C9B7-4B73-93EA-FB7569606F2E}.Release|Any CPU.ActiveCfg = Release|Any CPU
		{A5ECD19D-C9B7-4B73-93EA-FB7569606F2E}.Release|Any CPU.Build.0 = Release|Any CPU
	EndGlobalSection
	GlobalSection(SolutionProperties) = preSolution
		HideSolutionNode = FALSE
	EndGlobalSection
	GlobalSection(ExtensibilityGlobals) = postSolution
		SolutionGuid = {5D866892-943B-45B9-AA67-DAFAB34911F2}
	EndGlobalSection
EndGlobal
