
Microsoft Visual Studio Solution File, Format Version 12.00
# Visual Studio Version 16
VisualStudioVersion = 16.0.31911.196
MinimumVisualStudioVersion = 10.0.40219.1
Project("{FAE04EC0-301F-11D3-BF4B-00C04F79EFBC}") = "SavarankiskasPaskaitaDesimt", "SavarankiskasPaskaitaDesimt.csproj", "{53B99018-6B11-45CD-A53B-896056F756B8}"
EndProject
Project("{FAE04EC0-301F-11D3-BF4B-00C04F79EFBC}") = "ProductAndOrderTest", "..\ProductAndOrderTest\ProductAndOrderTest.csproj", "{39BA1ADF-86CF-4688-84EC-52BAEAC81A6F}"
EndProject
Global
	GlobalSection(SolutionConfigurationPlatforms) = preSolution
		Debug|Any CPU = Debug|Any CPU
		Release|Any CPU = Release|Any CPU
	EndGlobalSection
	GlobalSection(ProjectConfigurationPlatforms) = postSolution
		{53B99018-6B11-45CD-A53B-896056F756B8}.Debug|Any CPU.ActiveCfg = Debug|Any CPU
		{53B99018-6B11-45CD-A53B-896056F756B8}.Debug|Any CPU.Build.0 = Debug|Any CPU
		{53B99018-6B11-45CD-A53B-896056F756B8}.Release|Any CPU.ActiveCfg = Release|Any CPU
		{53B99018-6B11-45CD-A53B-896056F756B8}.Release|Any CPU.Build.0 = Release|Any CPU
		{39BA1ADF-86CF-4688-84EC-52BAEAC81A6F}.Debug|Any CPU.ActiveCfg = Debug|Any CPU
		{39BA1ADF-86CF-4688-84EC-52BAEAC81A6F}.Debug|Any CPU.Build.0 = Debug|Any CPU
		{39BA1ADF-86CF-4688-84EC-52BAEAC81A6F}.Release|Any CPU.ActiveCfg = Release|Any CPU
		{39BA1ADF-86CF-4688-84EC-52BAEAC81A6F}.Release|Any CPU.Build.0 = Release|Any CPU
	EndGlobalSection
	GlobalSection(SolutionProperties) = preSolution
		HideSolutionNode = FALSE
	EndGlobalSection
	GlobalSection(ExtensibilityGlobals) = postSolution
		SolutionGuid = {F4B2599B-2728-4092-9DE2-3687BFEB724D}
	EndGlobalSection
EndGlobal
